
Microsoft Visual Studio Solution File, Format Version 12.00
# Visual Studio Version 17
VisualStudioVersion = 17.9.34518.117
MinimumVisualStudioVersion = 10.0.40219.1
Project("{FAE04EC0-301F-11D3-BF4B-00C04F79EFBC}") = "Tarea Clase 6 - 16-03-2024", "Tarea Clase 6 - 16-03-2024.csproj", "{77D53881-1142-4D63-AF73-58307879A195}"
EndProject
Global
	GlobalSection(SolutionConfigurationPlatforms) = preSolution
		Debug|Any CPU = Debug|Any CPU
		Release|Any CPU = Release|Any CPU
	EndGlobalSection
	GlobalSection(ProjectConfigurationPlatforms) = postSolution
		{77D53881-1142-4D63-AF73-58307879A195}.Debug|Any CPU.ActiveCfg = Debug|Any CPU
		{77D53881-1142-4D63-AF73-58307879A195}.Debug|Any CPU.Build.0 = Debug|Any CPU
		{77D53881-1142-4D63-AF73-58307879A195}.Release|Any CPU.ActiveCfg = Release|Any CPU
		{77D53881-1142-4D63-AF73-58307879A195}.Release|Any CPU.Build.0 = Release|Any CPU
	EndGlobalSection
	GlobalSection(SolutionProperties) = preSolution
		HideSolutionNode = FALSE
	EndGlobalSection
	GlobalSection(ExtensibilityGlobals) = postSolution
		SolutionGuid = {AC317C48-68BB-40EE-B01E-6E3ACD4B1860}
	EndGlobalSection
EndGlobal
